// !$*UTF8*$!
{
	archiveVersion = 1;
	classes = {
	};
	objectVersion = 50;
	objects = {

/* Begin PBXBuildFile section */
		616CA9B622D599EC00922C5E /* AppDelegate.swift in Sources */ = {isa = PBXBuildFile; fileRef = 616CA9B522D599EC00922C5E /* AppDelegate.swift */; };
		616CA9B822D599EC00922C5E /* MealViewController.swift in Sources */ = {isa = PBXBuildFile; fileRef = 616CA9B722D599EC00922C5E /* MealViewController.swift */; };
		616CA9BB22D599EC00922C5E /* Main.storyboard in Resources */ = {isa = PBXBuildFile; fileRef = 616CA9B922D599EC00922C5E /* Main.storyboard */; };
		616CA9C022D599EE00922C5E /* LaunchScreen.storyboard in Resources */ = {isa = PBXBuildFile; fileRef = 616CA9BE22D599EE00922C5E /* LaunchScreen.storyboard */; };
		616CA9CB22D599EE00922C5E /* FoodTrackerTests.swift in Sources */ = {isa = PBXBuildFile; fileRef = 616CA9CA22D599EE00922C5E /* FoodTrackerTests.swift */; };
		616CA9D622D599EE00922C5E /* FoodTrackerUITests.swift in Sources */ = {isa = PBXBuildFile; fileRef = 616CA9D522D599EE00922C5E /* FoodTrackerUITests.swift */; };
		616CAC3522D5E4C900922C5E /* RatingControl.swift in Sources */ = {isa = PBXBuildFile; fileRef = 616CAC3422D5E4C900922C5E /* RatingControl.swift */; };
		616CAC3722D60C3500922C5E /* Meal.swift in Sources */ = {isa = PBXBuildFile; fileRef = 616CAC3622D60C3500922C5E /* Meal.swift */; };
		616CAC3922D6158C00922C5E /* MealTableViewCell.swift in Sources */ = {isa = PBXBuildFile; fileRef = 616CAC3822D6158C00922C5E /* MealTableViewCell.swift */; };
		616CAC3B22D6192A00922C5E /* Assets.xcassets in Resources */ = {isa = PBXBuildFile; fileRef = 616CAC3A22D6192A00922C5E /* Assets.xcassets */; };
		616CAC3D22D6EF4100922C5E /* MealTableViewController.swift in Sources */ = {isa = PBXBuildFile; fileRef = 616CAC3C22D6EF4100922C5E /* MealTableViewController.swift */; };
/* End PBXBuildFile section */

/* Begin PBXContainerItemProxy section */
		616CA9C722D599EE00922C5E /* PBXContainerItemProxy */ = {
			isa = PBXContainerItemProxy;
			containerPortal = 616CA9AA22D599EC00922C5E /* Project object */;
			proxyType = 1;
			remoteGlobalIDString = 616CA9B122D599EC00922C5E;
			remoteInfo = FoodTracker;
		};
		616CA9D222D599EE00922C5E /* PBXContainerItemProxy */ = {
			isa = PBXContainerItemProxy;
			containerPortal = 616CA9AA22D599EC00922C5E /* Project object */;
			proxyType = 1;
			remoteGlobalIDString = 616CA9B122D599EC00922C5E;
			remoteInfo = FoodTracker;
		};
/* End PBXContainerItemProxy section */

/* Begin PBXFileReference section */
		616CA9B222D599EC00922C5E /* FoodTracker.app */ = {isa = PBXFileReference; explicitFileType = wrapper.application; includeInIndex = 0; path = FoodTracker.app; sourceTree = BUILT_PRODUCTS_DIR; };
		616CA9B522D599EC00922C5E /* AppDelegate.swift */ = {isa = PBXFileReference; lastKnownFileType = sourcecode.swift; path = AppDelegate.swift; sourceTree = "<group>"; };
		616CA9B722D599EC00922C5E /* MealViewController.swift */ = {isa = PBXFileReference; lastKnownFileType = sourcecode.swift; path = MealViewController.swift; sourceTree = "<group>"; };
		616CA9BA22D599EC00922C5E /* Base */ = {isa = PBXFileReference; lastKnownFileType = file.storyboard; name = Base; path = Base.lproj/Main.storyboard; sourceTree = "<group>"; };
		616CA9BF22D599EE00922C5E /* Base */ = {isa = PBXFileReference; lastKnownFileType = file.storyboard; name = Base; path = Base.lproj/LaunchScreen.storyboard; sourceTree = "<group>"; };
		616CA9C122D599EE00922C5E /* Info.plist */ = {isa = PBXFileReference; lastKnownFileType = text.plist.xml; path = Info.plist; sourceTree = "<group>"; };
		616CA9C622D599EE00922C5E /* FoodTrackerTests.xctest */ = {isa = PBXFileReference; explicitFileType = wrapper.cfbundle; includeInIndex = 0; path = FoodTrackerTests.xctest; sourceTree = BUILT_PRODUCTS_DIR; };
		616CA9CA22D599EE00922C5E /* FoodTrackerTests.swift */ = {isa = PBXFileReference; lastKnownFileType = sourcecode.swift; path = FoodTrackerTests.swift; sourceTree = "<group>"; };
		616CA9CC22D599EE00922C5E /* Info.plist */ = {isa = PBXFileReference; lastKnownFileType = text.plist.xml; path = Info.plist; sourceTree = "<group>"; };
		616CA9D122D599EE00922C5E /* FoodTrackerUITests.xctest */ = {isa = PBXFileReference; explicitFileType = wrapper.cfbundle; includeInIndex = 0; path = FoodTrackerUITests.xctest; sourceTree = BUILT_PRODUCTS_DIR; };
		616CA9D522D599EE00922C5E /* FoodTrackerUITests.swift */ = {isa = PBXFileReference; lastKnownFileType = sourcecode.swift; path = FoodTrackerUITests.swift; sourceTree = "<group>"; };
		616CA9D722D599EE00922C5E /* Info.plist */ = {isa = PBXFileReference; lastKnownFileType = text.plist.xml; path = Info.plist; sourceTree = "<group>"; };
		616CAC3422D5E4C900922C5E /* RatingControl.swift */ = {isa = PBXFileReference; lastKnownFileType = sourcecode.swift; path = RatingControl.swift; sourceTree = "<group>"; };
		616CAC3622D60C3500922C5E /* Meal.swift */ = {isa = PBXFileReference; lastKnownFileType = sourcecode.swift; path = Meal.swift; sourceTree = "<group>"; };
		616CAC3822D6158C00922C5E /* MealTableViewCell.swift */ = {isa = PBXFileReference; lastKnownFileType = sourcecode.swift; path = MealTableViewCell.swift; sourceTree = "<group>"; };
		616CAC3A22D6192A00922C5E /* Assets.xcassets */ = {isa = PBXFileReference; lastKnownFileType = folder.assetcatalog; path = Assets.xcassets; sourceTree = "<group>"; };
		616CAC3C22D6EF4100922C5E /* MealTableViewController.swift */ = {isa = PBXFileReference; lastKnownFileType = sourcecode.swift; path = MealTableViewController.swift; sourceTree = "<group>"; };
/* End PBXFileReference section */

/* Begin PBXFrameworksBuildPhase section */
		616CA9AF22D599EC00922C5E /* Frameworks */ = {
			isa = PBXFrameworksBuildPhase;
			buildActionMask = 2147483647;
			files = (
			);
			runOnlyForDeploymentPostprocessing = 0;
		};
		616CA9C322D599EE00922C5E /* Frameworks */ = {
			isa = PBXFrameworksBuildPhase;
			buildActionMask = 2147483647;
			files = (
			);
			runOnlyForDeploymentPostprocessing = 0;
		};
		616CA9CE22D599EE00922C5E /* Frameworks */ = {
			isa = PBXFrameworksBuildPhase;
			buildActionMask = 2147483647;
			files = (
			);
			runOnlyForDeploymentPostprocessing = 0;
		};
/* End PBXFrameworksBuildPhase section */

/* Begin PBXGroup section */
		616CA9A922D599EC00922C5E = {
			isa = PBXGroup;
			children = (
				616CA9B422D599EC00922C5E /* FoodTracker */,
				616CA9C922D599EE00922C5E /* FoodTrackerTests */,
				616CA9D422D599EE00922C5E /* FoodTrackerUITests */,
				616CA9B322D599EC00922C5E /* Products */,
			);
			sourceTree = "<group>";
		};
		616CA9B322D599EC00922C5E /* Products */ = {
			isa = PBXGroup;
			children = (
				616CA9B222D599EC00922C5E /* FoodTracker.app */,
				616CA9C622D599EE00922C5E /* FoodTrackerTests.xctest */,
				616CA9D122D599EE00922C5E /* FoodTrackerUITests.xctest */,
			);
			name = Products;
			sourceTree = "<group>";
		};
		616CA9B422D599EC00922C5E /* FoodTracker */ = {
			isa = PBXGroup;
			children = (
				616CA9B522D599EC00922C5E /* AppDelegate.swift */,
				616CA9B722D599EC00922C5E /* MealViewController.swift */,
				616CAC3422D5E4C900922C5E /* RatingControl.swift */,
				616CAC3C22D6EF4100922C5E /* MealTableViewController.swift */,
				616CAC3622D60C3500922C5E /* Meal.swift */,
				616CA9B922D599EC00922C5E /* Main.storyboard */,
				616CAC3822D6158C00922C5E /* MealTableViewCell.swift */,
				616CAC3A22D6192A00922C5E /* Assets.xcassets */,
				616CA9BE22D599EE00922C5E /* LaunchScreen.storyboard */,
				616CA9C122D599EE00922C5E /* Info.plist */,
			);
			path = FoodTracker;
			sourceTree = "<group>";
		};
		616CA9C922D599EE00922C5E /* FoodTrackerTests */ = {
			isa = PBXGroup;
			children = (
				616CA9CA22D599EE00922C5E /* FoodTrackerTests.swift */,
				616CA9CC22D599EE00922C5E /* Info.plist */,
			);
			path = FoodTrackerTests;
			sourceTree = "<group>";
		};
		616CA9D422D599EE00922C5E /* FoodTrackerUITests */ = {
			isa = PBXGroup;
			children = (
				616CA9D522D599EE00922C5E /* FoodTrackerUITests.swift */,
				616CA9D722D599EE00922C5E /* Info.plist */,
			);
			path = FoodTrackerUITests;
			sourceTree = "<group>";
		};
/* End PBXGroup section */

/* Begin PBXNativeTarget section */
		616CA9B122D599EC00922C5E /* FoodTracker */ = {
			isa = PBXNativeTarget;
			buildConfigurationList = 616CA9DA22D599EE00922C5E /* Build configuration list for PBXNativeTarget "FoodTracker" */;
			buildPhases = (
				616CA9AE22D599EC00922C5E /* Sources */,
				616CA9AF22D599EC00922C5E /* Frameworks */,
				616CA9B022D599EC00922C5E /* Resources */,
			);
			buildRules = (
			);
			dependencies = (
			);
			name = FoodTracker;
			productName = FoodTracker;
			productReference = 616CA9B222D599EC00922C5E /* FoodTracker.app */;
			productType = "com.apple.product-type.application";
		};
		616CA9C522D599EE00922C5E /* FoodTrackerTests */ = {
			isa = PBXNativeTarget;
			buildConfigurationList = 616CA9DD22D599EE00922C5E /* Build configuration list for PBXNativeTarget "FoodTrackerTests" */;
			buildPhases = (
				616CA9C222D599EE00922C5E /* Sources */,
				616CA9C322D599EE00922C5E /* Frameworks */,
				616CA9C422D599EE00922C5E /* Resources */,
			);
			buildRules = (
			);
			dependencies = (
				616CA9C822D599EE00922C5E /* PBXTargetDependency */,
			);
			name = FoodTrackerTests;
			productName = FoodTrackerTests;
			productReference = 616CA9C622D599EE00922C5E /* FoodTrackerTests.xctest */;
			productType = "com.apple.product-type.bundle.unit-test";
		};
		616CA9D022D599EE00922C5E /* FoodTrackerUITests */ = {
			isa = PBXNativeTarget;
			buildConfigurationList = 616CA9E022D599EE00922C5E /* Build configuration list for PBXNativeTarget "FoodTrackerUITests" */;
			buildPhases = (
				616CA9CD22D599EE00922C5E /* Sources */,
				616CA9CE22D599EE00922C5E /* Frameworks */,
				616CA9CF22D599EE00922C5E /* Resources */,
			);
			buildRules = (
			);
			dependencies = (
				616CA9D322D599EE00922C5E /* PBXTargetDependency */,
			);
			name = FoodTrackerUITests;
			productName = FoodTrackerUITests;
			productReference = 616CA9D122D599EE00922C5E /* FoodTrackerUITests.xctest */;
			productType = "com.apple.product-type.bundle.ui-testing";
		};
/* End PBXNativeTarget section */

/* Begin PBXProject section */
		616CA9AA22D599EC00922C5E /* Project object */ = {
			isa = PBXProject;
			attributes = {
				LastSwiftUpdateCheck = 1020;
				LastUpgradeCheck = 1020;
				ORGANIZATIONNAME = "Ford Labs";
				TargetAttributes = {
					616CA9B122D599EC00922C5E = {
						CreatedOnToolsVersion = 10.2.1;
					};
					616CA9C522D599EE00922C5E = {
						CreatedOnToolsVersion = 10.2.1;
						TestTargetID = 616CA9B122D599EC00922C5E;
					};
					616CA9D022D599EE00922C5E = {
						CreatedOnToolsVersion = 10.2.1;
						TestTargetID = 616CA9B122D599EC00922C5E;
					};
				};
			};
			buildConfigurationList = 616CA9AD22D599EC00922C5E /* Build configuration list for PBXProject "FoodTracker" */;
			compatibilityVersion = "Xcode 9.3";
			developmentRegion = en;
			hasScannedForEncodings = 0;
			knownRegions = (
				en,
				Base,
			);
			mainGroup = 616CA9A922D599EC00922C5E;
			productRefGroup = 616CA9B322D599EC00922C5E /* Products */;
			projectDirPath = "";
			projectRoot = "";
			targets = (
				616CA9B122D599EC00922C5E /* FoodTracker */,
				616CA9C522D599EE00922C5E /* FoodTrackerTests */,
				616CA9D022D599EE00922C5E /* FoodTrackerUITests */,
			);
		};
/* End PBXProject section */

/* Begin PBXResourcesBuildPhase section */
		616CA9B022D599EC00922C5E /* Resources */ = {
			isa = PBXResourcesBuildPhase;
			buildActionMask = 2147483647;
			files = (
				616CA9C022D599EE00922C5E /* LaunchScreen.storyboard in Resources */,
				616CAC3B22D6192A00922C5E /* Assets.xcassets in Resources */,
				616CA9BB22D599EC00922C5E /* Main.storyboard in Resources */,
			);
			runOnlyForDeploymentPostprocessing = 0;
		};
		616CA9C422D599EE00922C5E /* Resources */ = {
			isa = PBXResourcesBuildPhase;
			buildActionMask = 2147483647;
			files = (
			);
			runOnlyForDeploymentPostprocessing = 0;
		};
		616CA9CF22D599EE00922C5E /* Resources */ = {
			isa = PBXResourcesBuildPhase;
			buildActionMask = 2147483647;
			files = (
			);
			runOnlyForDeploymentPostprocessing = 0;
		};
/* End PBXResourcesBuildPhase section */

/* Begin PBXSourcesBuildPhase section */
		616CA9AE22D599EC00922C5E /* Sources */ = {
			isa = PBXSourcesBuildPhase;
			buildActionMask = 2147483647;
			files = (
				616CAC3722D60C3500922C5E /* Meal.swift in Sources */,
				616CA9B822D599EC00922C5E /* MealViewController.swift in Sources */,
				616CAC3522D5E4C900922C5E /* RatingControl.swift in Sources */,
				616CA9B622D599EC00922C5E /* AppDelegate.swift in Sources */,
				616CAC3D22D6EF4100922C5E /* MealTableViewController.swift in Sources */,
				616CAC3922D6158C00922C5E /* MealTableViewCell.swift in Sources */,
			);
			runOnlyForDeploymentPostprocessing = 0;
		};
		616CA9C222D599EE00922C5E /* Sources */ = {
			isa = PBXSourcesBuildPhase;
			buildActionMask = 2147483647;
			files = (
				616CA9CB22D599EE00922C5E /* FoodTrackerTests.swift in Sources */,
			);
			runOnlyForDeploymentPostprocessing = 0;
		};
		616CA9CD22D599EE00922C5E /* Sources */ = {
			isa = PBXSourcesBuildPhase;
			buildActionMask = 2147483647;
			files = (
				616CA9D622D599EE00922C5E /* FoodTrackerUITests.swift in Sources */,
			);
			runOnlyForDeploymentPostprocessing = 0;
		};
/* End PBXSourcesBuildPhase section */

/* Begin PBXTargetDependency section */
		616CA9C822D599EE00922C5E /* PBXTargetDependency */ = {
			isa = PBXTargetDependency;
			target = 616CA9B122D599EC00922C5E /* FoodTracker */;
			targetProxy = 616CA9C722D599EE00922C5E /* PBXContainerItemProxy */;
		};
		616CA9D322D599EE00922C5E /* PBXTargetDependency */ = {
			isa = PBXTargetDependency;
			target = 616CA9B122D599EC00922C5E /* FoodTracker */;
			targetProxy = 616CA9D222D599EE00922C5E /* PBXContainerItemProxy */;
		};
/* End PBXTargetDependency section */

/* Begin PBXVariantGroup section */
		616CA9B922D599EC00922C5E /* Main.storyboard */ = {
			isa = PBXVariantGroup;
			children = (
				616CA9BA22D599EC00922C5E /* Base */,
			);
			name = Main.storyboard;
			sourceTree = "<group>";
		};
		616CA9BE22D599EE00922C5E /* LaunchScreen.storyboard */ = {
			isa = PBXVariantGroup;
			children = (
				616CA9BF22D599EE00922C5E /* Base */,
			);
			name = LaunchScreen.storyboard;
			sourceTree = "<group>";
		};
/* End PBXVariantGroup section */

/* Begin XCBuildConfiguration section */
		616CA9D822D599EE00922C5E /* Debug */ = {
			isa = XCBuildConfiguration;
			buildSettings = {
				ALWAYS_SEARCH_USER_PATHS = NO;
				CLANG_ANALYZER_NONNULL = YES;
				CLANG_ANALYZER_NUMBER_OBJECT_CONVERSION = YES_AGGRESSIVE;
				CLANG_CXX_LANGUAGE_STANDARD = "gnu++14";
				CLANG_CXX_LIBRARY = "libc++";
				CLANG_ENABLE_MODULES = YES;
				CLANG_ENABLE_OBJC_ARC = YES;
				CLANG_ENABLE_OBJC_WEAK = YES;
				CLANG_WARN_BLOCK_CAPTURE_AUTORELEASING = YES;
				CLANG_WARN_BOOL_CONVERSION = YES;
				CLANG_WARN_COMMA = YES;
				CLANG_WARN_CONSTANT_CONVERSION = YES;
				CLANG_WARN_DEPRECATED_OBJC_IMPLEMENTATIONS = YES;
				CLANG_WARN_DIRECT_OBJC_ISA_USAGE = YES_ERROR;
				CLANG_WARN_DOCUMENTATION_COMMENTS = YES;
				CLANG_WARN_EMPTY_BODY = YES;
				CLANG_WARN_ENUM_CONVERSION = YES;
				CLANG_WARN_INFINITE_RECURSION = YES;
				CLANG_WARN_INT_CONVERSION = YES;
				CLANG_WARN_NON_LITERAL_NULL_CONVERSION = YES;
				CLANG_WARN_OBJC_IMPLICIT_RETAIN_SELF = YES;
				CLANG_WARN_OBJC_LITERAL_CONVERSION = YES;
				CLANG_WARN_OBJC_ROOT_CLASS = YES_ERROR;
				CLANG_WARN_RANGE_LOOP_ANALYSIS = YES;
				CLANG_WARN_STRICT_PROTOTYPES = YES;
				CLANG_WARN_SUSPICIOUS_MOVE = YES;
				CLANG_WARN_UNGUARDED_AVAILABILITY = YES_AGGRESSIVE;
				CLANG_WARN_UNREACHABLE_CODE = YES;
				CLANG_WARN__DUPLICATE_METHOD_MATCH = YES;
				CODE_SIGN_IDENTITY = "iPhone Developer";
				COPY_PHASE_STRIP = NO;
				DEBUG_INFORMATION_FORMAT = dwarf;
				ENABLE_STRICT_OBJC_MSGSEND = YES;
				ENABLE_TESTABILITY = YES;
				GCC_C_LANGUAGE_STANDARD = gnu11;
				GCC_DYNAMIC_NO_PIC = NO;
				GCC_NO_COMMON_BLOCKS = YES;
				GCC_OPTIMIZATION_LEVEL = 0;
				GCC_PREPROCESSOR_DEFINITIONS = (
					"DEBUG=1",
					"$(inherited)",
				);
				GCC_WARN_64_TO_32_BIT_CONVERSION = YES;
				GCC_WARN_ABOUT_RETURN_TYPE = YES_ERROR;
				GCC_WARN_UNDECLARED_SELECTOR = YES;
				GCC_WARN_UNINITIALIZED_AUTOS = YES_AGGRESSIVE;
				GCC_WARN_UNUSED_FUNCTION = YES;
				GCC_WARN_UNUSED_VARIABLE = YES;
				IPHONEOS_DEPLOYMENT_TARGET = 12.2;
				MTL_ENABLE_DEBUG_INFO = INCLUDE_SOURCE;
				MTL_FAST_MATH = YES;
				ONLY_ACTIVE_ARCH = YES;
				SDKROOT = iphoneos;
				SWIFT_ACTIVE_COMPILATION_CONDITIONS = DEBUG;
				SWIFT_OPTIMIZATION_LEVEL = "-Onone";
			};
			name = Debug;
		};
		616CA9D922D599EE00922C5E /* Release */ = {
			isa = XCBuildConfiguration;
			buildSettings = {
				ALWAYS_SEARCH_USER_PATHS = NO;
				CLANG_ANALYZER_NONNULL = YES;
				CLANG_ANALYZER_NUMBER_OBJECT_CONVERSION = YES_AGGRESSIVE;
				CLANG_CXX_LANGUAGE_STANDARD = "gnu++14";
				CLANG_CXX_LIBRARY = "libc++";
				CLANG_ENABLE_MODULES = YES;
				CLANG_ENABLE_OBJC_ARC = YES;
				CLANG_ENABLE_OBJC_WEAK = YES;
				CLANG_WARN_BLOCK_CAPTURE_AUTORELEASING = YES;
				CLANG_WARN_BOOL_CONVERSION = YES;
				CLANG_WARN_COMMA = YES;
				CLANG_WARN_CONSTANT_CONVERSION = YES;
				CLANG_WARN_DEPRECATED_OBJC_IMPLEMENTATIONS = YES;
				CLANG_WARN_DIRECT_OBJC_ISA_USAGE = YES_ERROR;
				CLANG_WARN_DOCUMENTATION_COMMENTS = YES;
				CLANG_WARN_EMPTY_BODY = YES;
				CLANG_WARN_ENUM_CONVERSION = YES;
				CLANG_WARN_INFINITE_RECURSION = YES;
				CLANG_WARN_INT_CONVERSION = YES;
				CLANG_WARN_NON_LITERAL_NULL_CONVERSION = YES;
				CLANG_WARN_OBJC_IMPLICIT_RETAIN_SELF = YES;
				CLANG_WARN_OBJC_LITERAL_CONVERSION = YES;
				CLANG_WARN_OBJC_ROOT_CLASS = YES_ERROR;
				CLANG_WARN_RANGE_LOOP_ANALYSIS = YES;
				CLANG_WARN_STRICT_PROTOTYPES = YES;
				CLANG_WARN_SUSPICIOUS_MOVE = YES;
				CLANG_WARN_UNGUARDED_AVAILABILITY = YES_AGGRESSIVE;
				CLANG_WARN_UNREACHABLE_CODE = YES;
				CLANG_WARN__DUPLICATE_METHOD_MATCH = YES;
				CODE_SIGN_IDENTITY = "iPhone Developer";
				COPY_PHASE_STRIP = NO;
				DEBUG_INFORMATION_FORMAT = "dwarf-with-dsym";
				ENABLE_NS_ASSERTIONS = NO;
				ENABLE_STRICT_OBJC_MSGSEND = YES;
				GCC_C_LANGUAGE_STANDARD = gnu11;
				GCC_NO_COMMON_BLOCKS = YES;
				GCC_WARN_64_TO_32_BIT_CONVERSION = YES;
				GCC_WARN_ABOUT_RETURN_TYPE = YES_ERROR;
				GCC_WARN_UNDECLARED_SELECTOR = YES;
				GCC_WARN_UNINITIALIZED_AUTOS = YES_AGGRESSIVE;
				GCC_WARN_UNUSED_FUNCTION = YES;
				GCC_WARN_UNUSED_VARIABLE = YES;
				IPHONEOS_DEPLOYMENT_TARGET = 12.2;
				MTL_ENABLE_DEBUG_INFO = NO;
				MTL_FAST_MATH = YES;
				SDKROOT = iphoneos;
				SWIFT_COMPILATION_MODE = wholemodule;
				SWIFT_OPTIMIZATION_LEVEL = "-O";
				VALIDATE_PRODUCT = YES;
			};
			name = Release;
		};
		616CA9DB22D599EE00922C5E /* Debug */ = {
			isa = XCBuildConfiguration;
			buildSettings = {
				ASSETCATALOG_COMPILER_APPICON_NAME = AppIcon;
				CODE_SIGN_STYLE = Automatic;
				INFOPLIST_FILE = FoodTracker/Info.plist;
				LD_RUNPATH_SEARCH_PATHS = (
					"$(inherited)",
					"@executable_path/Frameworks",
				);
				PRODUCT_BUNDLE_IDENTIFIER = f.FoodTracker;
				PRODUCT_NAME = "$(TARGET_NAME)";
				SWIFT_VERSION = 5.0;
				TARGETED_DEVICE_FAMILY = "1,2";
			};
			name = Debug;
		};
		616CA9DC22D599EE00922C5E /* Release */ = {
			isa = XCBuildConfiguration;
			buildSettings = {
				ASSETCATALOG_COMPILER_APPICON_NAME = AppIcon;
				CODE_SIGN_STYLE = Automatic;
				INFOPLIST_FILE = FoodTracker/Info.plist;
				LD_RUNPATH_SEARCH_PATHS = (
					"$(inherited)",
					"@executable_path/Frameworks",
				);
				PRODUCT_BUNDLE_IDENTIFIER = f.FoodTracker;
				PRODUCT_NAME = "$(TARGET_NAME)";
				SWIFT_VERSION = 5.0;
				TARGETED_DEVICE_FAMILY = "1,2";
			};
			name = Release;
		};
		616CA9DE22D599EE00922C5E /* Debug */ = {
			isa = XCBuildConfiguration;
			buildSettings = {
				ALWAYS_EMBED_SWIFT_STANDARD_LIBRARIES = YES;
				BUNDLE_LOADER = "$(TEST_HOST)";
				CODE_SIGN_STYLE = Automatic;
				INFOPLIST_FILE = FoodTrackerTests/Info.plist;
				LD_RUNPATH_SEARCH_PATHS = (
					"$(inherited)",
					"@executable_path/Frameworks",
					"@loader_path/Frameworks",
				);
				PRODUCT_BUNDLE_IDENTIFIER = f.FoodTrackerTests;
				PRODUCT_NAME = "$(TARGET_NAME)";
				SWIFT_VERSION = 5.0;
				TARGETED_DEVICE_FAMILY = "1,2";
				TEST_HOST = "$(BUILT_PRODUCTS_DIR)/FoodTracker.app/FoodTracker";
			};
			name = Debug;
		};
		616CA9DF22D599EE00922C5E /* Release */ = {
			isa = XCBuildConfiguration;
			buildSettings = {
				ALWAYS_EMBED_SWIFT_STANDARD_LIBRARIES = YES;
				BUNDLE_LOADER = "$(TEST_HOST)";
				CODE_SIGN_STYLE = Automatic;
				INFOPLIST_FILE = FoodTrackerTests/Info.plist;
				LD_RUNPATH_SEARCH_PATHS = (
					"$(inherited)",
					"@executable_path/Frameworks",
					"@loader_path/Frameworks",
				);
				PRODUCT_BUNDLE_IDENTIFIER = f.FoodTrackerTests;
				PRODUCT_NAME = "$(TARGET_NAME)";
				SWIFT_VERSION = 5.0;
				TARGETED_DEVICE_FAMILY = "1,2";
				TEST_HOST = "$(BUILT_PRODUCTS_DIR)/FoodTracker.app/FoodTracker";
			};
			name = Release;
		};
		616CA9E122D599EE00922C5E /* Debug */ = {
			isa = XCBuildConfiguration;
			buildSettings = {
				ALWAYS_EMBED_SWIFT_STANDARD_LIBRARIES = YES;
				CODE_SIGN_STYLE = Automatic;
				INFOPLIST_FILE = FoodTrackerUITests/Info.plist;
				LD_RUNPATH_SEARCH_PATHS = (
					"$(inherited)",
					"@executable_path/Frameworks",
					"@loader_path/Frameworks",
				);
				PRODUCT_BUNDLE_IDENTIFIER = f.FoodTrackerUITests;
				PRODUCT_NAME = "$(TARGET_NAME)";
				SWIFT_VERSION = 5.0;
				TARGETED_DEVICE_FAMILY = "1,2";
				TEST_TARGET_NAME = FoodTracker;
			};
			name = Debug;
		};
		616CA9E222D599EE00922C5E /* Release */ = {
			isa = XCBuildConfiguration;
			buildSettings = {
				ALWAYS_EMBED_SWIFT_STANDARD_LIBRARIES = YES;
				CODE_SIGN_STYLE = Automatic;
				INFOPLIST_FILE = FoodTrackerUITests/Info.plist;
				LD_RUNPATH_SEARCH_PATHS = (
					"$(inherited)",
					"@executable_path/Frameworks",
					"@loader_path/Frameworks",
				);
				PRODUCT_BUNDLE_IDENTIFIER = f.FoodTrackerUITests;
				PRODUCT_NAME = "$(TARGET_NAME)";
				SWIFT_VERSION = 5.0;
				TARGETED_DEVICE_FAMILY = "1,2";
				TEST_TARGET_NAME = FoodTracker;
			};
			name = Release;
		};
/* End XCBuildConfiguration section */

/* Begin XCConfigurationList section */
		616CA9AD22D599EC00922C5E /* Build configuration list for PBXProject "FoodTracker" */ = {
			isa = XCConfigurationList;
			buildConfigurations = (
				616CA9D822D599EE00922C5E /* Debug */,
				616CA9D922D599EE00922C5E /* Release */,
			);
			defaultConfigurationIsVisible = 0;
			defaultConfigurationName = Release;
		};
		616CA9DA22D599EE00922C5E /* Build configuration list for PBXNativeTarget "FoodTracker" */ = {
			isa = XCConfigurationList;
			buildConfigurations = (
				616CA9DB22D599EE00922C5E /* Debug */,
				616CA9DC22D599EE00922C5E /* Release */,
			);
			defaultConfigurationIsVisible = 0;
			defaultConfigurationName = Release;
		};
		616CA9DD22D599EE00922C5E /* Build configuration list for PBXNativeTarget "FoodTrackerTests" */ = {
			isa = XCConfigurationList;
			buildConfigurations = (
				616CA9DE22D599EE00922C5E /* Debug */,
				616CA9DF22D599EE00922C5E /* Release */,
			);
			defaultConfigurationIsVisible = 0;
			defaultConfigurationName = Release;
		};
		616CA9E022D599EE00922C5E /* Build configuration list for PBXNativeTarget "FoodTrackerUITests" */ = {
			isa = XCConfigurationList;
			buildConfigurations = (
				616CA9E122D599EE00922C5E /* Debug */,
				616CA9E222D599EE00922C5E /* Release */,
			);
			defaultConfigurationIsVisible = 0;
			defaultConfigurationName = Release;
		};
/* End XCConfigurationList section */
	};
	rootObject = 616CA9AA22D599EC00922C5E /* Project object */;
}
